// !$*UTF8*$!
{
	archiveVersion = 1;
	classes = {
	};
	objectVersion = 46;
	objects = {

/* Begin PBXBuildFile section */
		D6EAE646178E892E0067AA06 /* UIKit.framework in Frameworks */ = {isa = PBXBuildFile; fileRef = D6EAE645178E892E0067AA06 /* UIKit.framework */; };
		D6EAE648178E892E0067AA06 /* Foundation.framework in Frameworks */ = {isa = PBXBuildFile; fileRef = D6EAE647178E892E0067AA06 /* Foundation.framework */; };
		D6EAE64A178E892E0067AA06 /* CoreGraphics.framework in Frameworks */ = {isa = PBXBuildFile; fileRef = D6EAE649178E892E0067AA06 /* CoreGraphics.framework */; };
		D6EAE650178E892E0067AA06 /* InfoPlist.strings in Resources */ = {isa = PBXBuildFile; fileRef = D6EAE64E178E892E0067AA06 /* InfoPlist.strings */; };
		D6EAE652178E892E0067AA06 /* main.m in Sources */ = {isa = PBXBuildFile; fileRef = D6EAE651178E892E0067AA06 /* main.m */; };
		D6EAE656178E892E0067AA06 /* AppDelegate.m in Sources */ = {isa = PBXBuildFile; fileRef = D6EAE655178E892E0067AA06 /* AppDelegate.m */; };
		D6EAE658178E892E0067AA06 /* Default.png in Resources */ = {isa = PBXBuildFile; fileRef = D6EAE657178E892E0067AA06 /* Default.png */; };
		D6EAE65A178E892E0067AA06 /* Default@2x.png in Resources */ = {isa = PBXBuildFile; fileRef = D6EAE659178E892E0067AA06 /* Default@2x.png */; };
		D6EAE65C178E892E0067AA06 /* Default-568h@2x.png in Resources */ = {isa = PBXBuildFile; fileRef = D6EAE65B178E892E0067AA06 /* Default-568h@2x.png */; };
		D6EAE666178E89CA0067AA06 /* YKExpandLabel.m in Sources */ = {isa = PBXBuildFile; fileRef = D6EAE665178E89CA0067AA06 /* YKExpandLabel.m */; };
		D6EAE669178E8A8A0067AA06 /* SampleViewController.m in Sources */ = {isa = PBXBuildFile; fileRef = D6EAE668178E8A8A0067AA06 /* SampleViewController.m */; };
/* End PBXBuildFile section */

/* Begin PBXFileReference section */
		211DD601FAD84C14AF3612D4 /* libPods.a */ = {isa = PBXFileReference; explicitFileType = archive.ar; includeInIndex = 0; path = libPods.a; sourceTree = BUILT_PRODUCTS_DIR; };
		D6EAE642178E892E0067AA06 /* YKExpandLabelDemo.app */ = {isa = PBXFileReference; explicitFileType = wrapper.application; includeInIndex = 0; path = YKExpandLabelDemo.app; sourceTree = BUILT_PRODUCTS_DIR; };
		D6EAE645178E892E0067AA06 /* UIKit.framework */ = {isa = PBXFileReference; lastKnownFileType = wrapper.framework; name = UIKit.framework; path = System/Library/Frameworks/UIKit.framework; sourceTree = SDKROOT; };
		D6EAE647178E892E0067AA06 /* Foundation.framework */ = {isa = PBXFileReference; lastKnownFileType = wrapper.framework; name = Foundation.framework; path = System/Library/Frameworks/Foundation.framework; sourceTree = SDKROOT; };
		D6EAE649178E892E0067AA06 /* CoreGraphics.framework */ = {isa = PBXFileReference; lastKnownFileType = wrapper.framework; name = CoreGraphics.framework; path = System/Library/Frameworks/CoreGraphics.framework; sourceTree = SDKROOT; };
		D6EAE64D178E892E0067AA06 /* YKExpandLabelDemo-Info.plist */ = {isa = PBXFileReference; lastKnownFileType = text.plist.xml; path = "YKExpandLabelDemo-Info.plist"; sourceTree = "<group>"; };
		D6EAE64F178E892E0067AA06 /* en */ = {isa = PBXFileReference; lastKnownFileType = text.plist.strings; name = en; path = en.lproj/InfoPlist.strings; sourceTree = "<group>"; };
		D6EAE651178E892E0067AA06 /* main.m */ = {isa = PBXFileReference; lastKnownFileType = sourcecode.c.objc; path = main.m; sourceTree = "<group>"; };
		D6EAE653178E892E0067AA06 /* YKExpandLabelDemo-Prefix.pch */ = {isa = PBXFileReference; lastKnownFileType = sourcecode.c.h; path = "YKExpandLabelDemo-Prefix.pch"; sourceTree = "<group>"; };
		D6EAE654178E892E0067AA06 /* AppDelegate.h */ = {isa = PBXFileReference; lastKnownFileType = sourcecode.c.h; path = AppDelegate.h; sourceTree = "<group>"; };
		D6EAE655178E892E0067AA06 /* AppDelegate.m */ = {isa = PBXFileReference; lastKnownFileType = sourcecode.c.objc; path = AppDelegate.m; sourceTree = "<group>"; };
		D6EAE657178E892E0067AA06 /* Default.png */ = {isa = PBXFileReference; lastKnownFileType = image.png; path = Default.png; sourceTree = "<group>"; };
		D6EAE659178E892E0067AA06 /* Default@2x.png */ = {isa = PBXFileReference; lastKnownFileType = image.png; path = "Default@2x.png"; sourceTree = "<group>"; };
		D6EAE65B178E892E0067AA06 /* Default-568h@2x.png */ = {isa = PBXFileReference; lastKnownFileType = image.png; path = "Default-568h@2x.png"; sourceTree = "<group>"; };
		D6EAE664178E89CA0067AA06 /* YKExpandLabel.h */ = {isa = PBXFileReference; fileEncoding = 4; lastKnownFileType = sourcecode.c.h; name = YKExpandLabel.h; path = YKExpandLabel/YKExpandLabel.h; sourceTree = "<group>"; };
		D6EAE665178E89CA0067AA06 /* YKExpandLabel.m */ = {isa = PBXFileReference; fileEncoding = 4; lastKnownFileType = sourcecode.c.objc; name = YKExpandLabel.m; path = YKExpandLabel/YKExpandLabel.m; sourceTree = "<group>"; };
		D6EAE667178E8A8A0067AA06 /* SampleViewController.h */ = {isa = PBXFileReference; fileEncoding = 4; lastKnownFileType = sourcecode.c.h; path = SampleViewController.h; sourceTree = "<group>"; };
		D6EAE668178E8A8A0067AA06 /* SampleViewController.m */ = {isa = PBXFileReference; fileEncoding = 4; lastKnownFileType = sourcecode.c.objc; path = SampleViewController.m; sourceTree = "<group>"; };
/* End PBXFileReference section */

/* Begin PBXFrameworksBuildPhase section */
		D6EAE63F178E892E0067AA06 /* Frameworks */ = {
			isa = PBXFrameworksBuildPhase;
			buildActionMask = 2147483647;
			files = (
				D6EAE646178E892E0067AA06 /* UIKit.framework in Frameworks */,
				D6EAE648178E892E0067AA06 /* Foundation.framework in Frameworks */,
				D6EAE64A178E892E0067AA06 /* CoreGraphics.framework in Frameworks */,
			);
			runOnlyForDeploymentPostprocessing = 0;
		};
/* End PBXFrameworksBuildPhase section */

/* Begin PBXGroup section */
		D6EAE639178E892E0067AA06 = {
			isa = PBXGroup;
			children = (
				D6EAE662178E89350067AA06 /* YKExpandLabel */,
				D6EAE64B178E892E0067AA06 /* YKExpandLabelDemo */,
				D6EAE644178E892E0067AA06 /* Frameworks */,
				D6EAE643178E892E0067AA06 /* Products */,
			);
			sourceTree = "<group>";
		};
		D6EAE643178E892E0067AA06 /* Products */ = {
			isa = PBXGroup;
			children = (
				D6EAE642178E892E0067AA06 /* YKExpandLabelDemo.app */,
			);
			name = Products;
			sourceTree = "<group>";
		};
		D6EAE644178E892E0067AA06 /* Frameworks */ = {
			isa = PBXGroup;
			children = (
				D6EAE645178E892E0067AA06 /* UIKit.framework */,
				D6EAE647178E892E0067AA06 /* Foundation.framework */,
				D6EAE649178E892E0067AA06 /* CoreGraphics.framework */,
				211DD601FAD84C14AF3612D4 /* libPods.a */,
			);
			name = Frameworks;
			sourceTree = "<group>";
		};
		D6EAE64B178E892E0067AA06 /* YKExpandLabelDemo */ = {
			isa = PBXGroup;
			children = (
				D6EAE654178E892E0067AA06 /* AppDelegate.h */,
				D6EAE655178E892E0067AA06 /* AppDelegate.m */,
				D6EAE667178E8A8A0067AA06 /* SampleViewController.h */,
				D6EAE668178E8A8A0067AA06 /* SampleViewController.m */,
				D6EAE64C178E892E0067AA06 /* Supporting Files */,
			);
			path = YKExpandLabelDemo;
			sourceTree = "<group>";
		};
		D6EAE64C178E892E0067AA06 /* Supporting Files */ = {
			isa = PBXGroup;
			children = (
				D6EAE64D178E892E0067AA06 /* YKExpandLabelDemo-Info.plist */,
				D6EAE64E178E892E0067AA06 /* InfoPlist.strings */,
				D6EAE651178E892E0067AA06 /* main.m */,
				D6EAE653178E892E0067AA06 /* YKExpandLabelDemo-Prefix.pch */,
				D6EAE657178E892E0067AA06 /* Default.png */,
				D6EAE659178E892E0067AA06 /* Default@2x.png */,
				D6EAE65B178E892E0067AA06 /* Default-568h@2x.png */,
			);
			name = "Supporting Files";
			sourceTree = "<group>";
		};
		D6EAE662178E89350067AA06 /* YKExpandLabel */ = {
			isa = PBXGroup;
			children = (
				D6EAE664178E89CA0067AA06 /* YKExpandLabel.h */,
				D6EAE665178E89CA0067AA06 /* YKExpandLabel.m */,
			);
			name = YKExpandLabel;
			sourceTree = "<group>";
		};
/* End PBXGroup section */

/* Begin PBXNativeTarget section */
		D6EAE641178E892E0067AA06 /* YKExpandLabelDemo */ = {
			isa = PBXNativeTarget;
			buildConfigurationList = D6EAE65F178E892E0067AA06 /* Build configuration list for PBXNativeTarget "YKExpandLabelDemo" */;
			buildPhases = (
				D6EAE63E178E892E0067AA06 /* Sources */,
				D6EAE63F178E892E0067AA06 /* Frameworks */,
				D6EAE640178E892E0067AA06 /* Resources */,
			);
			buildRules = (
			);
			dependencies = (
			);
			name = YKExpandLabelDemo;
			productName = YKExpandLabelDemo;
			productReference = D6EAE642178E892E0067AA06 /* YKExpandLabelDemo.app */;
			productType = "com.apple.product-type.application";
		};
/* End PBXNativeTarget section */

/* Begin PBXProject section */
		D6EAE63A178E892E0067AA06 /* Project object */ = {
			isa = PBXProject;
			attributes = {
				LastUpgradeCheck = 0460;
				ORGANIZATIONNAME = "Yoshiki Kurihara";
			};
			buildConfigurationList = D6EAE63D178E892E0067AA06 /* Build configuration list for PBXProject "YKExpandLabelDemo" */;
			compatibilityVersion = "Xcode 3.2";
			developmentRegion = English;
			hasScannedForEncodings = 0;
			knownRegions = (
				en,
			);
			mainGroup = D6EAE639178E892E0067AA06;
			productRefGroup = D6EAE643178E892E0067AA06 /* Products */;
			projectDirPath = "";
			projectRoot = "";
			targets = (
				D6EAE641178E892E0067AA06 /* YKExpandLabelDemo */,
			);
		};
/* End PBXProject section */

/* Begin PBXResourcesBuildPhase section */
		D6EAE640178E892E0067AA06 /* Resources */ = {
			isa = PBXResourcesBuildPhase;
			buildActionMask = 2147483647;
			files = (
				D6EAE650178E892E0067AA06 /* InfoPlist.strings in Resources */,
				D6EAE658178E892E0067AA06 /* Default.png in Resources */,
				D6EAE65A178E892E0067AA06 /* Default@2x.png in Resources */,
				D6EAE65C178E892E0067AA06 /* Default-568h@2x.png in Resources */,
			);
			runOnlyForDeploymentPostprocessing = 0;
		};
/* End PBXResourcesBuildPhase section */

/* Begin PBXSourcesBuildPhase section */
		D6EAE63E178E892E0067AA06 /* Sources */ = {
			isa = PBXSourcesBuildPhase;
			buildActionMask = 2147483647;
			files = (
				D6EAE652178E892E0067AA06 /* main.m in Sources */,
				D6EAE656178E892E0067AA06 /* AppDelegate.m in Sources */,
				D6EAE666178E89CA0067AA06 /* YKExpandLabel.m in Sources */,
				D6EAE669178E8A8A0067AA06 /* SampleViewController.m in Sources */,
			);
			runOnlyForDeploymentPostprocessing = 0;
		};
/* End PBXSourcesBuildPhase section */

/* Begin PBXVariantGroup section */
		D6EAE64E178E892E0067AA06 /* InfoPlist.strings */ = {
			isa = PBXVariantGroup;
			children = (
				D6EAE64F178E892E0067AA06 /* en */,
			);
			name = InfoPlist.strings;
			sourceTree = "<group>";
		};
/* End PBXVariantGroup section */

/* Begin XCBuildConfiguration section */
		D6EAE65D178E892E0067AA06 /* Debug */ = {
			isa = XCBuildConfiguration;
			buildSettings = {
				ALWAYS_SEARCH_USER_PATHS = NO;
				CLANG_CXX_LANGUAGE_STANDARD = "gnu++0x";
				CLANG_CXX_LIBRARY = "libc++";
				CLANG_ENABLE_OBJC_ARC = YES;
				CLANG_WARN_CONSTANT_CONVERSION = YES;
				CLANG_WARN_EMPTY_BODY = YES;
				CLANG_WARN_ENUM_CONVERSION = YES;
				CLANG_WARN_INT_CONVERSION = YES;
				CLANG_WARN__DUPLICATE_METHOD_MATCH = YES;
				"CODE_SIGN_IDENTITY[sdk=iphoneos*]" = "iPhone Developer";
				COPY_PHASE_STRIP = NO;
				GCC_C_LANGUAGE_STANDARD = gnu99;
				GCC_DYNAMIC_NO_PIC = NO;
				GCC_OPTIMIZATION_LEVEL = 0;
				GCC_PREPROCESSOR_DEFINITIONS = (
					"DEBUG=1",
					"$(inherited)",
				);
				GCC_SYMBOLS_PRIVATE_EXTERN = NO;
				GCC_WARN_ABOUT_RETURN_TYPE = YES;
				GCC_WARN_UNINITIALIZED_AUTOS = YES;
				GCC_WARN_UNUSED_VARIABLE = YES;
				IPHONEOS_DEPLOYMENT_TARGET = 6.1;
				ONLY_ACTIVE_ARCH = YES;
				SDKROOT = iphoneos;
			};
			name = Debug;
		};
		D6EAE65E178E892E0067AA06 /* Release */ = {
			isa = XCBuildConfiguration;
			buildSettings = {
				ALWAYS_SEARCH_USER_PATHS = NO;
				CLANG_CXX_LANGUAGE_STANDARD = "gnu++0x";
				CLANG_CXX_LIBRARY = "libc++";
				CLANG_ENABLE_OBJC_ARC = YES;
				CLANG_WARN_CONSTANT_CONVERSION = YES;
				CLANG_WARN_EMPTY_BODY = YES;
				CLANG_WARN_ENUM_CONVERSION = YES;
				CLANG_WARN_INT_CONVERSION = YES;
				CLANG_WARN__DUPLICATE_METHOD_MATCH = YES;
				"CODE_SIGN_IDENTITY[sdk=iphoneos*]" = "iPhone Developer";
				COPY_PHASE_STRIP = YES;
				GCC_C_LANGUAGE_STANDARD = gnu99;
				GCC_WARN_ABOUT_RETURN_TYPE = YES;
				GCC_WARN_UNINITIALIZED_AUTOS = YES;
				GCC_WARN_UNUSED_VARIABLE = YES;
				IPHONEOS_DEPLOYMENT_TARGET = 6.1;
				OTHER_CFLAGS = "-DNS_BLOCK_ASSERTIONS=1";
				SDKROOT = iphoneos;
				VALIDATE_PRODUCT = YES;
			};
			name = Release;
		};
		D6EAE660178E892E0067AA06 /* Debug */ = {
			isa = XCBuildConfiguration;
			buildSettings = {
				GCC_PRECOMPILE_PREFIX_HEADER = YES;
				GCC_PREFIX_HEADER = "YKExpandLabelDemo/YKExpandLabelDemo-Prefix.pch";
				INFOPLIST_FILE = "YKExpandLabelDemo/YKExpandLabelDemo-Info.plist";
				IPHONEOS_DEPLOYMENT_TARGET = 4.3;
				PRODUCT_NAME = "$(TARGET_NAME)";
				WRAPPER_EXTENSION = app;
			};
			name = Debug;
		};
		D6EAE661178E892E0067AA06 /* Release */ = {
			isa = XCBuildConfiguration;
			buildSettings = {
				GCC_PRECOMPILE_PREFIX_HEADER = YES;
				GCC_PREFIX_HEADER = "YKExpandLabelDemo/YKExpandLabelDemo-Prefix.pch";
				INFOPLIST_FILE = "YKExpandLabelDemo/YKExpandLabelDemo-Info.plist";
				IPHONEOS_DEPLOYMENT_TARGET = 4.3;
				PRODUCT_NAME = "$(TARGET_NAME)";
				WRAPPER_EXTENSION = app;
			};
			name = Release;
		};
/* End XCBuildConfiguration section */

/* Begin XCConfigurationList section */
		D6EAE63D178E892E0067AA06 /* Build configuration list for PBXProject "YKExpandLabelDemo" */ = {
			isa = XCConfigurationList;
			buildConfigurations = (
				D6EAE65D178E892E0067AA06 /* Debug */,
				D6EAE65E178E892E0067AA06 /* Release */,
			);
			defaultConfigurationIsVisible = 0;
			defaultConfigurationName = Release;
		};
		D6EAE65F178E892E0067AA06 /* Build configuration list for PBXNativeTarget "YKExpandLabelDemo" */ = {
			isa = XCConfigurationList;
			buildConfigurations = (
				D6EAE660178E892E0067AA06 /* Debug */,
				D6EAE661178E892E0067AA06 /* Release */,
			);
			defaultConfigurationIsVisible = 0;
			defaultConfigurationName = Release;
		};
/* End XCConfigurationList section */
	};
	rootObject = D6EAE63A178E892E0067AA06 /* Project object */;
}
